
Microsoft Visual Studio Solution File, Format Version 12.00
# Visual Studio Version 16
VisualStudioVersion = 16.0.30114.105
MinimumVisualStudioVersion = 10.0.40219.1
Project("{2150E333-8FDC-42A3-9474-1A3956D46DE8}") = "src", "src", "{B37601C8-689E-487C-987E-9AB7C4897A0E}"
EndProject
Project("{FAE04EC0-301F-11D3-BF4B-00C04F79EFBC}") = "Mycropad.App.Electron", "src\Mycropad.App.Electron\Mycropad.App.Electron.csproj", "{7779C870-ACA5-4DEC-94A7-E9F553E01AE0}"
EndProject
Project("{FAE04EC0-301F-11D3-BF4B-00C04F79EFBC}") = "Mycropad.ConsoleApp", "src\Mycropad.ConsoleApp\Mycropad.ConsoleApp.csproj", "{30177ABC-D838-4B2E-854E-4BD451AC169A}"
EndProject
Project("{FAE04EC0-301F-11D3-BF4B-00C04F79EFBC}") = "Mycropad.Lib", "src\Mycropad.Lib\Mycropad.Lib.csproj", "{55063F6A-DC57-4BC3-B9BA-EA24C3194C40}"
EndProject
Project("{FAE04EC0-301F-11D3-BF4B-00C04F79EFBC}") = "Mycropad.App.Shared", "src\Mycropad.App.Shared\Mycropad.App.Shared.csproj", "{93577110-541B-4A89-AFA3-0C4B95BE62C2}"
EndProject
Project("{FAE04EC0-301F-11D3-BF4B-00C04F79EFBC}") = "Mycropad.App.Wasm", "src\Mycropad.App.Wasm\Mycropad.App.Wasm.csproj", "{1667365A-1833-4844-9579-48364E9017DE}"
EndProject
Project("{FAE04EC0-301F-11D3-BF4B-00C04F79EFBC}") = "Mycropad.Pal.Desktop", "src\Mycropad.Pal.Desktop\Mycropad.Pal.Desktop.csproj", "{A9BDF4DA-A272-496D-AE9C-577B78B44DF3}"
EndProject
Project("{FAE04EC0-301F-11D3-BF4B-00C04F79EFBC}") = "Mycropad.Pal.Browser", "src\Mycropad.Pal.Browser\Mycropad.Pal.Browser.csproj", "{068DCE1F-3D62-42E6-A890-20EF3413E7A8}"
EndProject
Project("{FAE04EC0-301F-11D3-BF4B-00C04F79EFBC}") = "Mycropad.Core", "src\Mycropad.Core\Mycropad.Core.csproj", "{AB84A003-267A-4BBE-AE93-BE354A6A6E19}"
EndProject
Global
	GlobalSection(SolutionConfigurationPlatforms) = preSolution
		Debug|Any CPU = Debug|Any CPU
		Release|Any CPU = Release|Any CPU
	EndGlobalSection
	GlobalSection(SolutionProperties) = preSolution
		HideSolutionNode = FALSE
	EndGlobalSection
	GlobalSection(ProjectConfigurationPlatforms) = postSolution
		{7779C870-ACA5-4DEC-94A7-E9F553E01AE0}.Debug|Any CPU.ActiveCfg = Debug|Any CPU
		{7779C870-ACA5-4DEC-94A7-E9F553E01AE0}.Debug|Any CPU.Build.0 = Debug|Any CPU
		{7779C870-ACA5-4DEC-94A7-E9F553E01AE0}.Release|Any CPU.ActiveCfg = Release|Any CPU
		{7779C870-ACA5-4DEC-94A7-E9F553E01AE0}.Release|Any CPU.Build.0 = Release|Any CPU
		{30177ABC-D838-4B2E-854E-4BD451AC169A}.Debug|Any CPU.ActiveCfg = Debug|Any CPU
		{30177ABC-D838-4B2E-854E-4BD451AC169A}.Debug|Any CPU.Build.0 = Debug|Any CPU
		{30177ABC-D838-4B2E-854E-4BD451AC169A}.Release|Any CPU.ActiveCfg = Release|Any CPU
		{30177ABC-D838-4B2E-854E-4BD451AC169A}.Release|Any CPU.Build.0 = Release|Any CPU
		{55063F6A-DC57-4BC3-B9BA-EA24C3194C40}.Debug|Any CPU.ActiveCfg = Debug|Any CPU
		{55063F6A-DC57-4BC3-B9BA-EA24C3194C40}.Debug|Any CPU.Build.0 = Debug|Any CPU
		{55063F6A-DC57-4BC3-B9BA-EA24C3194C40}.Release|Any CPU.ActiveCfg = Release|Any CPU
		{55063F6A-DC57-4BC3-B9BA-EA24C3194C40}.Release|Any CPU.Build.0 = Release|Any CPU
		{93577110-541B-4A89-AFA3-0C4B95BE62C2}.Debug|Any CPU.ActiveCfg = Debug|Any CPU
		{93577110-541B-4A89-AFA3-0C4B95BE62C2}.Debug|Any CPU.Build.0 = Debug|Any CPU
		{93577110-541B-4A89-AFA3-0C4B95BE62C2}.Release|Any CPU.ActiveCfg = Release|Any CPU
		{93577110-541B-4A89-AFA3-0C4B95BE62C2}.Release|Any CPU.Build.0 = Release|Any CPU
		{1667365A-1833-4844-9579-48364E9017DE}.Debug|Any CPU.ActiveCfg = Debug|Any CPU
		{1667365A-1833-4844-9579-48364E9017DE}.Debug|Any CPU.Build.0 = Debug|Any CPU
		{1667365A-1833-4844-9579-48364E9017DE}.Release|Any CPU.ActiveCfg = Release|Any CPU
		{1667365A-1833-4844-9579-48364E9017DE}.Release|Any CPU.Build.0 = Release|Any CPU
		{A9BDF4DA-A272-496D-AE9C-577B78B44DF3}.Debug|Any CPU.ActiveCfg = Debug|Any CPU
		{A9BDF4DA-A272-496D-AE9C-577B78B44DF3}.Debug|Any CPU.Build.0 = Debug|Any CPU
		{A9BDF4DA-A272-496D-AE9C-577B78B44DF3}.Release|Any CPU.ActiveCfg = Release|Any CPU
		{A9BDF4DA-A272-496D-AE9C-577B78B44DF3}.Release|Any CPU.Build.0 = Release|Any CPU
		{068DCE1F-3D62-42E6-A890-20EF3413E7A8}.Debug|Any CPU.ActiveCfg = Debug|Any CPU
		{068DCE1F-3D62-42E6-A890-20EF3413E7A8}.Debug|Any CPU.Build.0 = Debug|Any CPU
		{068DCE1F-3D62-42E6-A890-20EF3413E7A8}.Release|Any CPU.ActiveCfg = Release|Any CPU
		{068DCE1F-3D62-42E6-A890-20EF3413E7A8}.Release|Any CPU.Build.0 = Release|Any CPU
		{AB84A003-267A-4BBE-AE93-BE354A6A6E19}.Debug|Any CPU.ActiveCfg = Debug|Any CPU
		{AB84A003-267A-4BBE-AE93-BE354A6A6E19}.Debug|Any CPU.Build.0 = Debug|Any CPU
		{AB84A003-267A-4BBE-AE93-BE354A6A6E19}.Release|Any CPU.ActiveCfg = Release|Any CPU
		{AB84A003-267A-4BBE-AE93-BE354A6A6E19}.Release|Any CPU.Build.0 = Release|Any CPU
	EndGlobalSection
	GlobalSection(NestedProjects) = preSolution
		{7779C870-ACA5-4DEC-94A7-E9F553E01AE0} = {B37601C8-689E-487C-987E-9AB7C4897A0E}
		{30177ABC-D838-4B2E-854E-4BD451AC169A} = {B37601C8-689E-487C-987E-9AB7C4897A0E}
		{55063F6A-DC57-4BC3-B9BA-EA24C3194C40} = {B37601C8-689E-487C-987E-9AB7C4897A0E}
		{93577110-541B-4A89-AFA3-0C4B95BE62C2} = {B37601C8-689E-487C-987E-9AB7C4897A0E}
		{1667365A-1833-4844-9579-48364E9017DE} = {B37601C8-689E-487C-987E-9AB7C4897A0E}
		{A9BDF4DA-A272-496D-AE9C-577B78B44DF3} = {B37601C8-689E-487C-987E-9AB7C4897A0E}
		{068DCE1F-3D62-42E6-A890-20EF3413E7A8} = {B37601C8-689E-487C-987E-9AB7C4897A0E}
		{AB84A003-267A-4BBE-AE93-BE354A6A6E19} = {B37601C8-689E-487C-987E-9AB7C4897A0E}
	EndGlobalSection
EndGlobal
